// !$*UTF8*$!
{
	archiveVersion = 1;
	classes = {
	};
	objectVersion = 50;
	objects = {

/* Begin PBXBuildFile section */
		270B9F3224A214D200C076BB /* iOSExampleFramework.framework in Frameworks */ = {isa = PBXBuildFile; fileRef = 270B9F2824A214D200C076BB /* iOSExampleFramework.framework */; };
		270B9F3724A214D200C076BB /* iOSExampleFrameworkTests.m in Sources */ = {isa = PBXBuildFile; fileRef = 270B9F3624A214D200C076BB /* iOSExampleFrameworkTests.m */; };
		270B9F3924A214D200C076BB /* iOSExampleFramework.h in Headers */ = {isa = PBXBuildFile; fileRef = 270B9F2B24A214D200C076BB /* iOSExampleFramework.h */; settings = {ATTRIBUTES = (Public, ); }; };
/* End PBXBuildFile section */

/* Begin PBXContainerItemProxy section */
		270B9F3324A214D200C076BB /* PBXContainerItemProxy */ = {
			isa = PBXContainerItemProxy;
			containerPortal = 270B9F1F24A214D200C076BB /* Project object */;
			proxyType = 1;
			remoteGlobalIDString = 270B9F2724A214D200C076BB;
			remoteInfo = iOSExampleFramework;
		};
/* End PBXContainerItemProxy section */

/* Begin PBXFileReference section */
		270B9F2824A214D200C076BB /* iOSExampleFramework.framework */ = {isa = PBXFileReference; explicitFileType = wrapper.framework; includeInIndex = 0; path = iOSExampleFramework.framework; sourceTree = BUILT_PRODUCTS_DIR; };
		270B9F2B24A214D200C076BB /* iOSExampleFramework.h */ = {isa = PBXFileReference; lastKnownFileType = sourcecode.c.h; path = iOSExampleFramework.h; sourceTree = "<group>"; };
		270B9F2C24A214D200C076BB /* Info.plist */ = {isa = PBXFileReference; lastKnownFileType = text.plist.xml; path = Info.plist; sourceTree = "<group>"; };
		270B9F3124A214D200C076BB /* iOSExampleFrameworkTests.xctest */ = {isa = PBXFileReference; explicitFileType = wrapper.cfbundle; includeInIndex = 0; path = iOSExampleFrameworkTests.xctest; sourceTree = BUILT_PRODUCTS_DIR; };
		270B9F3624A214D200C076BB /* iOSExampleFrameworkTests.m */ = {isa = PBXFileReference; lastKnownFileType = sourcecode.c.objc; path = iOSExampleFrameworkTests.m; sourceTree = "<group>"; };
		270B9F3824A214D200C076BB /* Info.plist */ = {isa = PBXFileReference; lastKnownFileType = text.plist.xml; path = Info.plist; sourceTree = "<group>"; };
/* End PBXFileReference section */

/* Begin PBXFrameworksBuildPhase section */
		270B9F2524A214D200C076BB /* Frameworks */ = {
			isa = PBXFrameworksBuildPhase;
			buildActionMask = 2147483647;
			files = (
			);
			runOnlyForDeploymentPostprocessing = 0;
		};
		270B9F2E24A214D200C076BB /* Frameworks */ = {
			isa = PBXFrameworksBuildPhase;
			buildActionMask = 2147483647;
			files = (
				270B9F3224A214D200C076BB /* iOSExampleFramework.framework in Frameworks */,
			);
			runOnlyForDeploymentPostprocessing = 0;
		};
/* End PBXFrameworksBuildPhase section */

/* Begin PBXGroup section */
		270B9F1E24A214D200C076BB = {
			isa = PBXGroup;
			children = (
				270B9F2A24A214D200C076BB /* iOSExampleFramework */,
				270B9F3524A214D200C076BB /* iOSExampleFrameworkTests */,
				270B9F2924A214D200C076BB /* Products */,
			);
			sourceTree = "<group>";
		};
		270B9F2924A214D200C076BB /* Products */ = {
			isa = PBXGroup;
			children = (
				270B9F2824A214D200C076BB /* iOSExampleFramework.framework */,
				270B9F3124A214D200C076BB /* iOSExampleFrameworkTests.xctest */,
			);
			name = Products;
			sourceTree = "<group>";
		};
		270B9F2A24A214D200C076BB /* iOSExampleFramework */ = {
			isa = PBXGroup;
			children = (
				270B9F2B24A214D200C076BB /* iOSExampleFramework.h */,
				270B9F2C24A214D200C076BB /* Info.plist */,
			);
			path = iOSExampleFramework;
			sourceTree = "<group>";
		};
		270B9F3524A214D200C076BB /* iOSExampleFrameworkTests */ = {
			isa = PBXGroup;
			children = (
				270B9F3624A214D200C076BB /* iOSExampleFrameworkTests.m */,
				270B9F3824A214D200C076BB /* Info.plist */,
			);
			path = iOSExampleFrameworkTests;
			sourceTree = "<group>";
		};
/* End PBXGroup section */

/* Begin PBXHeadersBuildPhase section */
		270B9F2324A214D200C076BB /* Headers */ = {
			isa = PBXHeadersBuildPhase;
			buildActionMask = 2147483647;
			files = (
				270B9F3924A214D200C076BB /* iOSExampleFramework.h in Headers */,
			);
			runOnlyForDeploymentPostprocessing = 0;
		};
/* End PBXHeadersBuildPhase section */

/* Begin PBXNativeTarget section */
		270B9F2724A214D200C076BB /* iOSExampleFramework */ = {
			isa = PBXNativeTarget;
			buildConfigurationList = 270B9F3C24A214D200C076BB /* Build configuration list for PBXNativeTarget "iOSExampleFramework" */;
			buildPhases = (
				270B9F2324A214D200C076BB /* Headers */,
				270B9F2424A214D200C076BB /* Sources */,
				270B9F2524A214D200C076BB /* Frameworks */,
				270B9F2624A214D200C076BB /* Resources */,
			);
			buildRules = (
			);
			dependencies = (
			);
			name = iOSExampleFramework;
			productName = iOSExampleFramework;
			productReference = 270B9F2824A214D200C076BB /* iOSExampleFramework.framework */;
			productType = "com.apple.product-type.framework";
		};
		270B9F3024A214D200C076BB /* iOSExampleFrameworkTests */ = {
			isa = PBXNativeTarget;
			buildConfigurationList = 270B9F3F24A214D200C076BB /* Build configuration list for PBXNativeTarget "iOSExampleFrameworkTests" */;
			buildPhases = (
				270B9F2D24A214D200C076BB /* Sources */,
				270B9F2E24A214D200C076BB /* Frameworks */,
				270B9F2F24A214D200C076BB /* Resources */,
			);
			buildRules = (
			);
			dependencies = (
				270B9F3424A214D200C076BB /* PBXTargetDependency */,
			);
			name = iOSExampleFrameworkTests;
			productName = iOSExampleFrameworkTests;
			productReference = 270B9F3124A214D200C076BB /* iOSExampleFrameworkTests.xctest */;
			productType = "com.apple.product-type.bundle.unit-test";
		};
/* End PBXNativeTarget section */

/* Begin PBXProject section */
		270B9F1F24A214D200C076BB /* Project object */ = {
			isa = PBXProject;
			attributes = {
				LastUpgradeCheck = 1130;
				ORGANIZATIONNAME = liuyx;
				TargetAttributes = {
					270B9F2724A214D200C076BB = {
						CreatedOnToolsVersion = 11.3;
					};
					270B9F3024A214D200C076BB = {
						CreatedOnToolsVersion = 11.3;
					};
				};
			};
			buildConfigurationList = 270B9F2224A214D200C076BB /* Build configuration list for PBXProject "iOSExampleFramework" */;
			compatibilityVersion = "Xcode 9.3";
			developmentRegion = en;
			hasScannedForEncodings = 0;
			knownRegions = (
				en,
				Base,
			);
			mainGroup = 270B9F1E24A214D200C076BB;
			productRefGroup = 270B9F2924A214D200C076BB /* Products */;
			projectDirPath = "";
			projectRoot = "";
			targets = (
				270B9F2724A214D200C076BB /* iOSExampleFramework */,
				270B9F3024A214D200C076BB /* iOSExampleFrameworkTests */,
			);
		};
/* End PBXProject section */

/* Begin PBXResourcesBuildPhase section */
		270B9F2624A214D200C076BB /* Resources */ = {
			isa = PBXResourcesBuildPhase;
			buildActionMask = 2147483647;
			files = (
			);
			runOnlyForDeploymentPostprocessing = 0;
		};
		270B9F2F24A214D200C076BB /* Resources */ = {
			isa = PBXResourcesBuildPhase;
			buildActionMask = 2147483647;
			files = (
			);
			runOnlyForDeploymentPostprocessing = 0;
		};
/* End PBXResourcesBuildPhase section */

/* Begin PBXSourcesBuildPhase section */
		270B9F2424A214D200C076BB /* Sources */ = {
			isa = PBXSourcesBuildPhase;
			buildActionMask = 2147483647;
			files = (
			);
			runOnlyForDeploymentPostprocessing = 0;
		};
		270B9F2D24A214D200C076BB /* Sources */ = {
			isa = PBXSourcesBuildPhase;
			buildActionMask = 2147483647;
			files = (
				270B9F3724A214D200C076BB /* iOSExampleFrameworkTests.m in Sources */,
			);
			runOnlyForDeploymentPostprocessing = 0;
		};
/* End PBXSourcesBuildPhase section */

/* Begin PBXTargetDependency section */
		270B9F3424A214D200C076BB /* PBXTargetDependency */ = {
			isa = PBXTargetDependency;
			target = 270B9F2724A214D200C076BB /* iOSExampleFramework */;
			targetProxy = 270B9F3324A214D200C076BB /* PBXContainerItemProxy */;
		};
/* End PBXTargetDependency section */

/* Begin XCBuildConfiguration section */
		270B9F3A24A214D200C076BB /* Debug */ = {
			isa = XCBuildConfiguration;
			buildSettings = {
				ALWAYS_SEARCH_USER_PATHS = NO;
				CLANG_ANALYZER_NONNULL = YES;
				CLANG_ANALYZER_NUMBER_OBJECT_CONVERSION = YES_AGGRESSIVE;
				CLANG_CXX_LANGUAGE_STANDARD = "gnu++14";
				CLANG_CXX_LIBRARY = "libc++";
				CLANG_ENABLE_MODULES = YES;
				CLANG_ENABLE_OBJC_ARC = YES;
				CLANG_ENABLE_OBJC_WEAK = YES;
				CLANG_WARN_BLOCK_CAPTURE_AUTORELEASING = YES;
				CLANG_WARN_BOOL_CONVERSION = YES;
				CLANG_WARN_COMMA = YES;
				CLANG_WARN_CONSTANT_CONVERSION = YES;
				CLANG_WARN_DEPRECATED_OBJC_IMPLEMENTATIONS = YES;
				CLANG_WARN_DIRECT_OBJC_ISA_USAGE = YES_ERROR;
				CLANG_WARN_DOCUMENTATION_COMMENTS = YES;
				CLANG_WARN_EMPTY_BODY = YES;
				CLANG_WARN_ENUM_CONVERSION = YES;
				CLANG_WARN_INFINITE_RECURSION = YES;
				CLANG_WARN_INT_CONVERSION = YES;
				CLANG_WARN_NON_LITERAL_NULL_CONVERSION = YES;
				CLANG_WARN_OBJC_IMPLICIT_RETAIN_SELF = YES;
				CLANG_WARN_OBJC_LITERAL_CONVERSION = YES;
				CLANG_WARN_OBJC_ROOT_CLASS = YES_ERROR;
				CLANG_WARN_RANGE_LOOP_ANALYSIS = YES;
				CLANG_WARN_STRICT_PROTOTYPES = YES;
				CLANG_WARN_SUSPICIOUS_MOVE = YES;
				CLANG_WARN_UNGUARDED_AVAILABILITY = YES_AGGRESSIVE;
				CLANG_WARN_UNREACHABLE_CODE = YES;
				CLANG_WARN__DUPLICATE_METHOD_MATCH = YES;
				COPY_PHASE_STRIP = NO;
				CURRENT_PROJECT_VERSION = 1;
				DEBUG_INFORMATION_FORMAT = dwarf;
				ENABLE_STRICT_OBJC_MSGSEND = YES;
				ENABLE_TESTABILITY = YES;
				GCC_C_LANGUAGE_STANDARD = gnu11;
				GCC_DYNAMIC_NO_PIC = NO;
				GCC_NO_COMMON_BLOCKS = YES;
				GCC_OPTIMIZATION_LEVEL = 0;
				GCC_PREPROCESSOR_DEFINITIONS = (
					"DEBUG=1",
					"$(inherited)",
				);
				GCC_WARN_64_TO_32_BIT_CONVERSION = YES;
				GCC_WARN_ABOUT_RETURN_TYPE = YES_ERROR;
				GCC_WARN_UNDECLARED_SELECTOR = YES;
				GCC_WARN_UNINITIALIZED_AUTOS = YES_AGGRESSIVE;
				GCC_WARN_UNUSED_FUNCTION = YES;
				GCC_WARN_UNUSED_VARIABLE = YES;
				IPHONEOS_DEPLOYMENT_TARGET = 13.2;
				MTL_ENABLE_DEBUG_INFO = INCLUDE_SOURCE;
				MTL_FAST_MATH = YES;
				ONLY_ACTIVE_ARCH = YES;
				SDKROOT = iphoneos;
				VERSIONING_SYSTEM = "apple-generic";
				VERSION_INFO_PREFIX = "";
			};
			name = Debug;
		};
		270B9F3B24A214D200C076BB /* Release */ = {
			isa = XCBuildConfiguration;
			buildSettings = {
				ALWAYS_SEARCH_USER_PATHS = NO;
				CLANG_ANALYZER_NONNULL = YES;
				CLANG_ANALYZER_NUMBER_OBJECT_CONVERSION = YES_AGGRESSIVE;
				CLANG_CXX_LANGUAGE_STANDARD = "gnu++14";
				CLANG_CXX_LIBRARY = "libc++";
				CLANG_ENABLE_MODULES = YES;
				CLANG_ENABLE_OBJC_ARC = YES;
				CLANG_ENABLE_OBJC_WEAK = YES;
				CLANG_WARN_BLOCK_CAPTURE_AUTORELEASING = YES;
				CLANG_WARN_BOOL_CONVERSION = YES;
				CLANG_WARN_COMMA = YES;
				CLANG_WARN_CONSTANT_CONVERSION = YES;
				CLANG_WARN_DEPRECATED_OBJC_IMPLEMENTATIONS = YES;
				CLANG_WARN_DIRECT_OBJC_ISA_USAGE = YES_ERROR;
				CLANG_WARN_DOCUMENTATION_COMMENTS = YES;
				CLANG_WARN_EMPTY_BODY = YES;
				CLANG_WARN_ENUM_CONVERSION = YES;
				CLANG_WARN_INFINITE_RECURSION = YES;
				CLANG_WARN_INT_CONVERSION = YES;
				CLANG_WARN_NON_LITERAL_NULL_CONVERSION = YES;
				CLANG_WARN_OBJC_IMPLICIT_RETAIN_SELF = YES;
				CLANG_WARN_OBJC_LITERAL_CONVERSION = YES;
				CLANG_WARN_OBJC_ROOT_CLASS = YES_ERROR;
				CLANG_WARN_RANGE_LOOP_ANALYSIS = YES;
				CLANG_WARN_STRICT_PROTOTYPES = YES;
				CLANG_WARN_SUSPICIOUS_MOVE = YES;
				CLANG_WARN_UNGUARDED_AVAILABILITY = YES_AGGRESSIVE;
				CLANG_WARN_UNREACHABLE_CODE = YES;
				CLANG_WARN__DUPLICATE_METHOD_MATCH = YES;
				COPY_PHASE_STRIP = NO;
				CURRENT_PROJECT_VERSION = 1;
				DEBUG_INFORMATION_FORMAT = "dwarf-with-dsym";
				ENABLE_NS_ASSERTIONS = NO;
				ENABLE_STRICT_OBJC_MSGSEND = YES;
				GCC_C_LANGUAGE_STANDARD = gnu11;
				GCC_NO_COMMON_BLOCKS = YES;
				GCC_WARN_64_TO_32_BIT_CONVERSION = YES;
				GCC_WARN_ABOUT_RETURN_TYPE = YES_ERROR;
				GCC_WARN_UNDECLARED_SELECTOR = YES;
				GCC_WARN_UNINITIALIZED_AUTOS = YES_AGGRESSIVE;
				GCC_WARN_UNUSED_FUNCTION = YES;
				GCC_WARN_UNUSED_VARIABLE = YES;
				IPHONEOS_DEPLOYMENT_TARGET = 13.2;
				MTL_ENABLE_DEBUG_INFO = NO;
				MTL_FAST_MATH = YES;
				SDKROOT = iphoneos;
				VALIDATE_PRODUCT = YES;
				VERSIONING_SYSTEM = "apple-generic";
				VERSION_INFO_PREFIX = "";
			};
			name = Release;
		};
		270B9F3D24A214D200C076BB /* Debug */ = {
			isa = XCBuildConfiguration;
			buildSettings = {
				CODE_SIGN_STYLE = Automatic;
				DEFINES_MODULE = YES;
				DEVELOPMENT_TEAM = F7N5U9CHEE;
				DYLIB_COMPATIBILITY_VERSION = 1;
				DYLIB_CURRENT_VERSION = 1;
				DYLIB_INSTALL_NAME_BASE = "@rpath";
				INFOPLIST_FILE = iOSExampleFramework/Info.plist;
				INSTALL_PATH = "$(LOCAL_LIBRARY_DIR)/Frameworks";
				LD_RUNPATH_SEARCH_PATHS = (
					"$(inherited)",
					"@executable_path/Frameworks",
					"@loader_path/Frameworks",
				);
				PRODUCT_BUNDLE_IDENTIFIER = mt.iOSExampleFramework;
				PRODUCT_NAME = "$(TARGET_NAME:c99extidentifier)";
				SKIP_INSTALL = YES;
				TARGETED_DEVICE_FAMILY = "1,2";
			};
			name = Debug;
		};
		270B9F3E24A214D200C076BB /* Release */ = {
			isa = XCBuildConfiguration;
			buildSettings = {
				CODE_SIGN_STYLE = Automatic;
				DEFINES_MODULE = YES;
				DEVELOPMENT_TEAM = F7N5U9CHEE;
				DYLIB_COMPATIBILITY_VERSION = 1;
				DYLIB_CURRENT_VERSION = 1;
				DYLIB_INSTALL_NAME_BASE = "@rpath";
				INFOPLIST_FILE = iOSExampleFramework/Info.plist;
				INSTALL_PATH = "$(LOCAL_LIBRARY_DIR)/Frameworks";
				LD_RUNPATH_SEARCH_PATHS = (
					"$(inherited)",
					"@executable_path/Frameworks",
					"@loader_path/Frameworks",
				);
				PRODUCT_BUNDLE_IDENTIFIER = mt.iOSExampleFramework;
				PRODUCT_NAME = "$(TARGET_NAME:c99extidentifier)";
				SKIP_INSTALL = YES;
				TARGETED_DEVICE_FAMILY = "1,2";
			};
			name = Release;
		};
		270B9F4024A214D200C076BB /* Debug */ = {
			isa = XCBuildConfiguration;
			buildSettings = {
				CODE_SIGN_STYLE = Automatic;
				DEVELOPMENT_TEAM = F7N5U9CHEE;
				INFOPLIST_FILE = iOSExampleFrameworkTests/Info.plist;
				LD_RUNPATH_SEARCH_PATHS = (
					"$(inherited)",
					"@executable_path/Frameworks",
					"@loader_path/Frameworks",
				);
				PRODUCT_BUNDLE_IDENTIFIER = mt.iOSExampleFrameworkTests;
				PRODUCT_NAME = "$(TARGET_NAME)";
				TARGETED_DEVICE_FAMILY = "1,2";
			};
			name = Debug;
		};
		270B9F4124A214D200C076BB /* Release */ = {
			isa = XCBuildConfiguration;
			buildSettings = {
				CODE_SIGN_STYLE = Automatic;
				DEVELOPMENT_TEAM = F7N5U9CHEE;
				INFOPLIST_FILE = iOSExampleFrameworkTests/Info.plist;
				LD_RUNPATH_SEARCH_PATHS = (
					"$(inherited)",
					"@executable_path/Frameworks",
					"@loader_path/Frameworks",
				);
				PRODUCT_BUNDLE_IDENTIFIER = mt.iOSExampleFrameworkTests;
				PRODUCT_NAME = "$(TARGET_NAME)";
				TARGETED_DEVICE_FAMILY = "1,2";
			};
			name = Release;
		};
/* End XCBuildConfiguration section */

/* Begin XCConfigurationList section */
		270B9F2224A214D200C076BB /* Build configuration list for PBXProject "iOSExampleFramework" */ = {
			isa = XCConfigurationList;
			buildConfigurations = (
				270B9F3A24A214D200C076BB /* Debug */,
				270B9F3B24A214D200C076BB /* Release */,
			);
			defaultConfigurationIsVisible = 0;
			defaultConfigurationName = Release;
		};
		270B9F3C24A214D200C076BB /* Build configuration list for PBXNativeTarget "iOSExampleFramework" */ = {
			isa = XCConfigurationList;
			buildConfigurations = (
				270B9F3D24A214D200C076BB /* Debug */,
				270B9F3E24A214D200C076BB /* Release */,
			);
			defaultConfigurationIsVisible = 0;
			defaultConfigurationName = Release;
		};
		270B9F3F24A214D200C076BB /* Build configuration list for PBXNativeTarget "iOSExampleFrameworkTests" */ = {
			isa = XCConfigurationList;
			buildConfigurations = (
				270B9F4024A214D200C076BB /* Debug */,
				270B9F4124A214D200C076BB /* Release */,
			);
			defaultConfigurationIsVisible = 0;
			defaultConfigurationName = Release;
		};
/* End XCConfigurationList section */
	};
	rootObject = 270B9F1F24A214D200C076BB /* Project object */;
}
